
Microsoft Visual Studio Solution File, Format Version 12.00
# Visual Studio Version 17
VisualStudioVersion = 17.14.37411.7 d17.14
MinimumVisualStudioVersion = 10.0.40219.1
Project("{FAE04EC0-301F-11D3-BF4B-00C04F79EFBC}") = "Bean", "Bean\Bean.csproj", "{352CF769-0F52-4708-9E7C-82DCCB2E734E}"
EndProject
Global
	GlobalSection(SolutionConfigurationPlatforms) = preSolution
		Debug|Any CPU = Debug|Any CPU
		Release|Any CPU = Release|Any CPU
	EndGlobalSection
	GlobalSection(ProjectConfigurationPlatforms) = postSolution
		{352CF769-0F52-4708-9E7C-82DCCB2E734E}.Debug|Any CPU.ActiveCfg = Debug|Any CPU
		{352CF769-0F52-4708-9E7C-82DCCB2E734E}.Debug|Any CPU.Build.0 = Debug|Any CPU
		{352CF769-0F52-4708-9E7C-82DCCB2E734E}.Release|Any CPU.ActiveCfg = Release|Any CPU
		{352CF769-0F52-4708-9E7C-82DCCB2E734E}.Release|Any CPU.Build.0 = Release|Any CPU
	EndGlobalSection
	GlobalSection(SolutionProperties) = preSolution
		HideSolutionNode = FALSE
	EndGlobalSection
	GlobalSection(ExtensibilityGlobals) = postSolution
		SolutionGuid = {4398BDB4-F3B0-4015-ABF2-8BE70869B02D}
	EndGlobalSection
EndGlobal
